
Microsoft Visual Studio Solution File, Format Version 12.00
# Visual Studio Version 17
VisualStudioVersion = 17.14.36414.22 d17.14
MinimumVisualStudioVersion = 10.0.40219.1
Project("{8BC9CEB8-8B4A-11D0-8D11-00A0C91BC942}") = "ConsoleApplication3", "ConsoleApplication3\ConsoleApplication3.vcxproj", "{BEE8E1C9-0C87-4474-B107-0F369BA8A9D1}"
EndProject
Global
	GlobalSection(SolutionConfigurationPlatforms) = preSolution
		Debug|x64 = Debug|x64
		Debug|x86 = Debug|x86
		Release|x64 = Release|x64
		Release|x86 = Release|x86
	EndGlobalSection
	GlobalSection(ProjectConfigurationPlatforms) = postSolution
		{BEE8E1C9-0C87-4474-B107-0F369BA8A9D1}.Debug|x64.ActiveCfg = Debug|x64
		{BEE8E1C9-0C87-4474-B107-0F369BA8A9D1}.Debug|x64.Build.0 = Debug|x64
		{BEE8E1C9-0C87-4474-B107-0F369BA8A9D1}.Debug|x86.ActiveCfg = Debug|Win32
		{BEE8E1C9-0C87-4474-B107-0F369BA8A9D1}.Debug|x86.Build.0 = Debug|Win32
		{BEE8E1C9-0C87-4474-B107-0F369BA8A9D1}.Release|x64.ActiveCfg = Release|x64
		{BEE8E1C9-0C87-4474-B107-0F369BA8A9D1}.Release|x64.Build.0 = Release|x64
		{BEE8E1C9-0C87-4474-B107-0F369BA8A9D1}.Release|x86.ActiveCfg = Release|Win32
		{BEE8E1C9-0C87-4474-B107-0F369BA8A9D1}.Release|x86.Build.0 = Release|Win32
	EndGlobalSection
	GlobalSection(SolutionProperties) = preSolution
		HideSolutionNode = FALSE
	EndGlobalSection
	GlobalSection(ExtensibilityGlobals) = postSolution
		SolutionGuid = {0131D2EE-19D5-4564-894D-12CF85604828}
	EndGlobalSection
EndGlobal
