
Microsoft Visual Studio Solution File, Format Version 12.00
# Visual Studio Version 17
VisualStudioVersion = 17.14.36414.22 d17.14
MinimumVisualStudioVersion = 10.0.40219.1
Project("{FAE04EC0-301F-11D3-BF4B-00C04F79EFBC}") = "hazard", "hazard\hazard.csproj", "{4C76C7D4-1D3F-4D6D-8614-98537DE5767D}"
EndProject
Global
	GlobalSection(SolutionConfigurationPlatforms) = preSolution
		Debug|Any CPU = Debug|Any CPU
		Release|Any CPU = Release|Any CPU
	EndGlobalSection
	GlobalSection(ProjectConfigurationPlatforms) = postSolution
		{4C76C7D4-1D3F-4D6D-8614-98537DE5767D}.Debug|Any CPU.ActiveCfg = Debug|Any CPU
		{4C76C7D4-1D3F-4D6D-8614-98537DE5767D}.Debug|Any CPU.Build.0 = Debug|Any CPU
		{4C76C7D4-1D3F-4D6D-8614-98537DE5767D}.Release|Any CPU.ActiveCfg = Release|Any CPU
		{4C76C7D4-1D3F-4D6D-8614-98537DE5767D}.Release|Any CPU.Build.0 = Release|Any CPU
	EndGlobalSection
	GlobalSection(SolutionProperties) = preSolution
		HideSolutionNode = FALSE
	EndGlobalSection
	GlobalSection(ExtensibilityGlobals) = postSolution
		SolutionGuid = {C62F4E5B-3E9A-47DC-9E5F-59B5699CAD56}
	EndGlobalSection
EndGlobal
