
Microsoft Visual Studio Solution File, Format Version 12.00
# Visual Studio Version 17
VisualStudioVersion = 17.14.36414.22 d17.14
MinimumVisualStudioVersion = 10.0.40219.1
Project("{FAE04EC0-301F-11D3-BF4B-00C04F79EFBC}") = "zadanie", "zadanie\zadanie.csproj", "{CE39A545-A143-4F6F-97D0-3EBA5A3DB0CC}"
EndProject
Global
	GlobalSection(SolutionConfigurationPlatforms) = preSolution
		Debug|Any CPU = Debug|Any CPU
		Release|Any CPU = Release|Any CPU
	EndGlobalSection
	GlobalSection(ProjectConfigurationPlatforms) = postSolution
		{CE39A545-A143-4F6F-97D0-3EBA5A3DB0CC}.Debug|Any CPU.ActiveCfg = Debug|Any CPU
		{CE39A545-A143-4F6F-97D0-3EBA5A3DB0CC}.Debug|Any CPU.Build.0 = Debug|Any CPU
		{CE39A545-A143-4F6F-97D0-3EBA5A3DB0CC}.Release|Any CPU.ActiveCfg = Release|Any CPU
		{CE39A545-A143-4F6F-97D0-3EBA5A3DB0CC}.Release|Any CPU.Build.0 = Release|Any CPU
	EndGlobalSection
	GlobalSection(SolutionProperties) = preSolution
		HideSolutionNode = FALSE
	EndGlobalSection
	GlobalSection(ExtensibilityGlobals) = postSolution
		SolutionGuid = {C2A89BCD-406E-4CE2-AD3B-40E198FE5656}
	EndGlobalSection
EndGlobal
