
Microsoft Visual Studio Solution File, Format Version 12.00
# Visual Studio Version 17
VisualStudioVersion = 17.14.36414.22 d17.14
MinimumVisualStudioVersion = 10.0.40219.1
Project("{FAE04EC0-301F-11D3-BF4B-00C04F79EFBC}") = "ConsoleApp1", "ConsoleApp1\ConsoleApp1.csproj", "{72CF8671-DC14-49F2-94F0-81F1A90A3CA1}"
EndProject
Project("{2150E333-8FDC-42A3-9474-1A3956D46DE8}") = "NewFolder1", "NewFolder1", "{02EA681E-C7D8-13C7-8484-4AC65E1B71E8}"
EndProject
Project("{FAE04EC0-301F-11D3-BF4B-00C04F79EFBC}") = "BindableLayoutMauiApp", "..\..\..\Filip_Gorzynski_4E\klasa4E\BindableLayoutMauiApp\BindableLayoutMauiApp.csproj", "{D4F04EBC-8D5A-41C5-3943-6F487DEC3893}"
EndProject
Global
	GlobalSection(SolutionConfigurationPlatforms) = preSolution
		Debug|Any CPU = Debug|Any CPU
		Release|Any CPU = Release|Any CPU
	EndGlobalSection
	GlobalSection(ProjectConfigurationPlatforms) = postSolution
		{72CF8671-DC14-49F2-94F0-81F1A90A3CA1}.Debug|Any CPU.ActiveCfg = Debug|Any CPU
		{72CF8671-DC14-49F2-94F0-81F1A90A3CA1}.Debug|Any CPU.Build.0 = Debug|Any CPU
		{72CF8671-DC14-49F2-94F0-81F1A90A3CA1}.Release|Any CPU.ActiveCfg = Release|Any CPU
		{72CF8671-DC14-49F2-94F0-81F1A90A3CA1}.Release|Any CPU.Build.0 = Release|Any CPU
		{D4F04EBC-8D5A-41C5-3943-6F487DEC3893}.Debug|Any CPU.ActiveCfg = Debug|Any CPU
		{D4F04EBC-8D5A-41C5-3943-6F487DEC3893}.Debug|Any CPU.Build.0 = Debug|Any CPU
		{D4F04EBC-8D5A-41C5-3943-6F487DEC3893}.Debug|Any CPU.Deploy.0 = Debug|Any CPU
		{D4F04EBC-8D5A-41C5-3943-6F487DEC3893}.Release|Any CPU.ActiveCfg = Release|Any CPU
		{D4F04EBC-8D5A-41C5-3943-6F487DEC3893}.Release|Any CPU.Build.0 = Release|Any CPU
	EndGlobalSection
	GlobalSection(SolutionProperties) = preSolution
		HideSolutionNode = FALSE
	EndGlobalSection
	GlobalSection(NestedProjects) = preSolution
		{D4F04EBC-8D5A-41C5-3943-6F487DEC3893} = {02EA681E-C7D8-13C7-8484-4AC65E1B71E8}
	EndGlobalSection
	GlobalSection(ExtensibilityGlobals) = postSolution
		SolutionGuid = {7C4315D9-67A2-4249-834A-6A25C895693A}
	EndGlobalSection
EndGlobal
